// !$*UTF8*$!
{
	archiveVersion = 1;
	classes = {
	};
	objectVersion = 51;
	objects = {

/* Begin PBXBuildFile section */
		46602B8154F827C0674D1D3F /* Pods_SearchNLearnTests.framework in Frameworks */ = {isa = PBXBuildFile; fileRef = F392B2E94DA40BF55342E74B /* Pods_SearchNLearnTests.framework */; };
		770455106C0FF0DDA2925E77 /* Pods_SearchNLearn_SearchNLearnUITests.framework in Frameworks */ = {isa = PBXBuildFile; fileRef = E4F14026D593F37AFF5FDF36 /* Pods_SearchNLearn_SearchNLearnUITests.framework */; };
		A9B0AD7027358A3D00A80E26 /* LocalAnimalTableViewCell.swift in Sources */ = {isa = PBXBuildFile; fileRef = A9B0AD6827358A3B00A80E26 /* LocalAnimalTableViewCell.swift */; };
		A9B0AD7127358A3D00A80E26 /* ProfileViewController.swift in Sources */ = {isa = PBXBuildFile; fileRef = A9B0AD6927358A3B00A80E26 /* ProfileViewController.swift */; };
		A9B0AD7227358A3D00A80E26 /* LoginViewController.swift in Sources */ = {isa = PBXBuildFile; fileRef = A9B0AD6A27358A3B00A80E26 /* LoginViewController.swift */; };
		A9B0AD7327358A3D00A80E26 /* CameraViewController.swift in Sources */ = {isa = PBXBuildFile; fileRef = A9B0AD6B27358A3B00A80E26 /* CameraViewController.swift */; };
		A9B0AD7427358A3D00A80E26 /* MapViewController.swift in Sources */ = {isa = PBXBuildFile; fileRef = A9B0AD6C27358A3C00A80E26 /* MapViewController.swift */; };
		A9B0AD7527358A3D00A80E26 /* DetailAnimalViewController.swift in Sources */ = {isa = PBXBuildFile; fileRef = A9B0AD6D27358A3C00A80E26 /* DetailAnimalViewController.swift */; };
		A9B0AD7627358A3D00A80E26 /* LocalAnimalsTableViewController.swift in Sources */ = {isa = PBXBuildFile; fileRef = A9B0AD6E27358A3C00A80E26 /* LocalAnimalsTableViewController.swift */; };
		A9B0AD7727358A3D00A80E26 /* MyAnimalsCollectionViewController.swift in Sources */ = {isa = PBXBuildFile; fileRef = A9B0AD6F27358A3C00A80E26 /* MyAnimalsCollectionViewController.swift */; };
		A9B0AD7927359F0800A80E26 /* SignupViewController.swift in Sources */ = {isa = PBXBuildFile; fileRef = A9B0AD7827359F0800A80E26 /* SignupViewController.swift */; };
		CEBEB8A32733439300C943F4 /* AppDelegate.swift in Sources */ = {isa = PBXBuildFile; fileRef = CEBEB8A22733439300C943F4 /* AppDelegate.swift */; };
		CEBEB8A52733439300C943F4 /* SceneDelegate.swift in Sources */ = {isa = PBXBuildFile; fileRef = CEBEB8A42733439300C943F4 /* SceneDelegate.swift */; };
		CEBEB8AA2733439300C943F4 /* Main.storyboard in Resources */ = {isa = PBXBuildFile; fileRef = CEBEB8A82733439300C943F4 /* Main.storyboard */; };
		CEBEB8AC2733439A00C943F4 /* Assets.xcassets in Resources */ = {isa = PBXBuildFile; fileRef = CEBEB8AB2733439A00C943F4 /* Assets.xcassets */; };
		CEBEB8AF2733439A00C943F4 /* LaunchScreen.storyboard in Resources */ = {isa = PBXBuildFile; fileRef = CEBEB8AD2733439A00C943F4 /* LaunchScreen.storyboard */; };
		CEBEB8BA2733439B00C943F4 /* SearchNLearnTests.swift in Sources */ = {isa = PBXBuildFile; fileRef = CEBEB8B92733439B00C943F4 /* SearchNLearnTests.swift */; };
		CEBEB8C52733439B00C943F4 /* SearchNLearnUITests.swift in Sources */ = {isa = PBXBuildFile; fileRef = CEBEB8C42733439B00C943F4 /* SearchNLearnUITests.swift */; };
		E28D857727389997001BDAAC /* MyAnimalCollectionViewCell.swift in Sources */ = {isa = PBXBuildFile; fileRef = E28D857627389997001BDAAC /* MyAnimalCollectionViewCell.swift */; };
		EE3FC113B8B9C001B664F7E0 /* Pods_SearchNLearn.framework in Frameworks */ = {isa = PBXBuildFile; fileRef = 2DDF5D7AA935A18C6FA9F985 /* Pods_SearchNLearn.framework */; };
/* End PBXBuildFile section */

/* Begin PBXContainerItemProxy section */
		CEBEB8B62733439B00C943F4 /* PBXContainerItemProxy */ = {
			isa = PBXContainerItemProxy;
			containerPortal = CEBEB8972733439200C943F4 /* Project object */;
			proxyType = 1;
			remoteGlobalIDString = CEBEB89E2733439200C943F4;
			remoteInfo = SearchNLearn;
		};
		CEBEB8C12733439B00C943F4 /* PBXContainerItemProxy */ = {
			isa = PBXContainerItemProxy;
			containerPortal = CEBEB8972733439200C943F4 /* Project object */;
			proxyType = 1;
			remoteGlobalIDString = CEBEB89E2733439200C943F4;
			remoteInfo = SearchNLearn;
		};
/* End PBXContainerItemProxy section */

/* Begin PBXFileReference section */
		208716A4703ECC7779E650CA /* Pods-SearchNLearnTests.debug.xcconfig */ = {isa = PBXFileReference; includeInIndex = 1; lastKnownFileType = text.xcconfig; name = "Pods-SearchNLearnTests.debug.xcconfig"; path = "Target Support Files/Pods-SearchNLearnTests/Pods-SearchNLearnTests.debug.xcconfig"; sourceTree = "<group>"; };
		2249798117FBA8DC38857A39 /* Pods-SearchNLearn-SearchNLearnUITests.release.xcconfig */ = {isa = PBXFileReference; includeInIndex = 1; lastKnownFileType = text.xcconfig; name = "Pods-SearchNLearn-SearchNLearnUITests.release.xcconfig"; path = "Target Support Files/Pods-SearchNLearn-SearchNLearnUITests/Pods-SearchNLearn-SearchNLearnUITests.release.xcconfig"; sourceTree = "<group>"; };
		2533A1A3BEAEB527A96FC112 /* Pods-SearchNLearn.debug.xcconfig */ = {isa = PBXFileReference; includeInIndex = 1; lastKnownFileType = text.xcconfig; name = "Pods-SearchNLearn.debug.xcconfig"; path = "Target Support Files/Pods-SearchNLearn/Pods-SearchNLearn.debug.xcconfig"; sourceTree = "<group>"; };
		2DDF5D7AA935A18C6FA9F985 /* Pods_SearchNLearn.framework */ = {isa = PBXFileReference; explicitFileType = wrapper.framework; includeInIndex = 0; path = Pods_SearchNLearn.framework; sourceTree = BUILT_PRODUCTS_DIR; };
		4197D893CC066C477C4EF3E9 /* Pods-SearchNLearn-SearchNLearnUITests.debug.xcconfig */ = {isa = PBXFileReference; includeInIndex = 1; lastKnownFileType = text.xcconfig; name = "Pods-SearchNLearn-SearchNLearnUITests.debug.xcconfig"; path = "Target Support Files/Pods-SearchNLearn-SearchNLearnUITests/Pods-SearchNLearn-SearchNLearnUITests.debug.xcconfig"; sourceTree = "<group>"; };
		A9B0AD6827358A3B00A80E26 /* LocalAnimalTableViewCell.swift */ = {isa = PBXFileReference; fileEncoding = 4; lastKnownFileType = sourcecode.swift; path = LocalAnimalTableViewCell.swift; sourceTree = "<group>"; };
		A9B0AD6927358A3B00A80E26 /* ProfileViewController.swift */ = {isa = PBXFileReference; fileEncoding = 4; lastKnownFileType = sourcecode.swift; path = ProfileViewController.swift; sourceTree = "<group>"; };
		A9B0AD6A27358A3B00A80E26 /* LoginViewController.swift */ = {isa = PBXFileReference; fileEncoding = 4; lastKnownFileType = sourcecode.swift; path = LoginViewController.swift; sourceTree = "<group>"; };
		A9B0AD6B27358A3B00A80E26 /* CameraViewController.swift */ = {isa = PBXFileReference; fileEncoding = 4; lastKnownFileType = sourcecode.swift; path = CameraViewController.swift; sourceTree = "<group>"; };
		A9B0AD6C27358A3C00A80E26 /* MapViewController.swift */ = {isa = PBXFileReference; fileEncoding = 4; lastKnownFileType = sourcecode.swift; path = MapViewController.swift; sourceTree = "<group>"; };
		A9B0AD6D27358A3C00A80E26 /* DetailAnimalViewController.swift */ = {isa = PBXFileReference; fileEncoding = 4; lastKnownFileType = sourcecode.swift; path = DetailAnimalViewController.swift; sourceTree = "<group>"; };
		A9B0AD6E27358A3C00A80E26 /* LocalAnimalsTableViewController.swift */ = {isa = PBXFileReference; fileEncoding = 4; lastKnownFileType = sourcecode.swift; path = LocalAnimalsTableViewController.swift; sourceTree = "<group>"; };
		A9B0AD6F27358A3C00A80E26 /* MyAnimalsCollectionViewController.swift */ = {isa = PBXFileReference; fileEncoding = 4; lastKnownFileType = sourcecode.swift; path = MyAnimalsCollectionViewController.swift; sourceTree = "<group>"; };
		A9B0AD7827359F0800A80E26 /* SignupViewController.swift */ = {isa = PBXFileReference; lastKnownFileType = sourcecode.swift; path = SignupViewController.swift; sourceTree = "<group>"; };
		CEBEB89F2733439300C943F4 /* SearchNLearn.app */ = {isa = PBXFileReference; explicitFileType = wrapper.application; includeInIndex = 0; path = SearchNLearn.app; sourceTree = BUILT_PRODUCTS_DIR; };
		CEBEB8A22733439300C943F4 /* AppDelegate.swift */ = {isa = PBXFileReference; lastKnownFileType = sourcecode.swift; path = AppDelegate.swift; sourceTree = "<group>"; };
		CEBEB8A42733439300C943F4 /* SceneDelegate.swift */ = {isa = PBXFileReference; lastKnownFileType = sourcecode.swift; path = SceneDelegate.swift; sourceTree = "<group>"; };
		CEBEB8A92733439300C943F4 /* Base */ = {isa = PBXFileReference; lastKnownFileType = file.storyboard; name = Base; path = Base.lproj/Main.storyboard; sourceTree = "<group>"; };
		CEBEB8AB2733439A00C943F4 /* Assets.xcassets */ = {isa = PBXFileReference; lastKnownFileType = folder.assetcatalog; path = Assets.xcassets; sourceTree = "<group>"; };
		CEBEB8AE2733439A00C943F4 /* Base */ = {isa = PBXFileReference; lastKnownFileType = file.storyboard; name = Base; path = Base.lproj/LaunchScreen.storyboard; sourceTree = "<group>"; };
		CEBEB8B02733439A00C943F4 /* Info.plist */ = {isa = PBXFileReference; lastKnownFileType = text.plist.xml; path = Info.plist; sourceTree = "<group>"; };
		CEBEB8B52733439B00C943F4 /* SearchNLearnTests.xctest */ = {isa = PBXFileReference; explicitFileType = wrapper.cfbundle; includeInIndex = 0; path = SearchNLearnTests.xctest; sourceTree = BUILT_PRODUCTS_DIR; };
		CEBEB8B92733439B00C943F4 /* SearchNLearnTests.swift */ = {isa = PBXFileReference; lastKnownFileType = sourcecode.swift; path = SearchNLearnTests.swift; sourceTree = "<group>"; };
		CEBEB8BB2733439B00C943F4 /* Info.plist */ = {isa = PBXFileReference; lastKnownFileType = text.plist.xml; path = Info.plist; sourceTree = "<group>"; };
		CEBEB8C02733439B00C943F4 /* SearchNLearnUITests.xctest */ = {isa = PBXFileReference; explicitFileType = wrapper.cfbundle; includeInIndex = 0; path = SearchNLearnUITests.xctest; sourceTree = BUILT_PRODUCTS_DIR; };
		CEBEB8C42733439B00C943F4 /* SearchNLearnUITests.swift */ = {isa = PBXFileReference; lastKnownFileType = sourcecode.swift; path = SearchNLearnUITests.swift; sourceTree = "<group>"; };
		CEBEB8C62733439B00C943F4 /* Info.plist */ = {isa = PBXFileReference; lastKnownFileType = text.plist.xml; path = Info.plist; sourceTree = "<group>"; };
		DC21A7B6597E34863A6E6E00 /* Pods-SearchNLearn.release.xcconfig */ = {isa = PBXFileReference; includeInIndex = 1; lastKnownFileType = text.xcconfig; name = "Pods-SearchNLearn.release.xcconfig"; path = "Target Support Files/Pods-SearchNLearn/Pods-SearchNLearn.release.xcconfig"; sourceTree = "<group>"; };
		E28D857627389997001BDAAC /* MyAnimalCollectionViewCell.swift */ = {isa = PBXFileReference; lastKnownFileType = sourcecode.swift; path = MyAnimalCollectionViewCell.swift; sourceTree = "<group>"; };
		E4F14026D593F37AFF5FDF36 /* Pods_SearchNLearn_SearchNLearnUITests.framework */ = {isa = PBXFileReference; explicitFileType = wrapper.framework; includeInIndex = 0; path = Pods_SearchNLearn_SearchNLearnUITests.framework; sourceTree = BUILT_PRODUCTS_DIR; };
		F392B2E94DA40BF55342E74B /* Pods_SearchNLearnTests.framework */ = {isa = PBXFileReference; explicitFileType = wrapper.framework; includeInIndex = 0; path = Pods_SearchNLearnTests.framework; sourceTree = BUILT_PRODUCTS_DIR; };
		FAECF1D5BE7E0856D5636DEB /* Pods-SearchNLearnTests.release.xcconfig */ = {isa = PBXFileReference; includeInIndex = 1; lastKnownFileType = text.xcconfig; name = "Pods-SearchNLearnTests.release.xcconfig"; path = "Target Support Files/Pods-SearchNLearnTests/Pods-SearchNLearnTests.release.xcconfig"; sourceTree = "<group>"; };
/* End PBXFileReference section */

/* Begin PBXFrameworksBuildPhase section */
		CEBEB89C2733439200C943F4 /* Frameworks */ = {
			isa = PBXFrameworksBuildPhase;
			buildActionMask = 2147483647;
			files = (
				EE3FC113B8B9C001B664F7E0 /* Pods_SearchNLearn.framework in Frameworks */,
			);
			runOnlyForDeploymentPostprocessing = 0;
		};
		CEBEB8B22733439B00C943F4 /* Frameworks */ = {
			isa = PBXFrameworksBuildPhase;
			buildActionMask = 2147483647;
			files = (
				46602B8154F827C0674D1D3F /* Pods_SearchNLearnTests.framework in Frameworks */,
			);
			runOnlyForDeploymentPostprocessing = 0;
		};
		CEBEB8BD2733439B00C943F4 /* Frameworks */ = {
			isa = PBXFrameworksBuildPhase;
			buildActionMask = 2147483647;
			files = (
				770455106C0FF0DDA2925E77 /* Pods_SearchNLearn_SearchNLearnUITests.framework in Frameworks */,
			);
			runOnlyForDeploymentPostprocessing = 0;
		};
/* End PBXFrameworksBuildPhase section */

/* Begin PBXGroup section */
		60077D9CABD9A3B073F22473 /* Frameworks */ = {
			isa = PBXGroup;
			children = (
				2DDF5D7AA935A18C6FA9F985 /* Pods_SearchNLearn.framework */,
				E4F14026D593F37AFF5FDF36 /* Pods_SearchNLearn_SearchNLearnUITests.framework */,
				F392B2E94DA40BF55342E74B /* Pods_SearchNLearnTests.framework */,
			);
			name = Frameworks;
			sourceTree = "<group>";
		};
		CEBEB8962733439200C943F4 = {
			isa = PBXGroup;
			children = (
				CEBEB8A12733439300C943F4 /* SearchNLearn */,
				CEBEB8B82733439B00C943F4 /* SearchNLearnTests */,
				CEBEB8C32733439B00C943F4 /* SearchNLearnUITests */,
				CEBEB8A02733439300C943F4 /* Products */,
				CFFA397AFF86A81778BC8AB7 /* Pods */,
				60077D9CABD9A3B073F22473 /* Frameworks */,
			);
			sourceTree = "<group>";
		};
		CEBEB8A02733439300C943F4 /* Products */ = {
			isa = PBXGroup;
			children = (
				CEBEB89F2733439300C943F4 /* SearchNLearn.app */,
				CEBEB8B52733439B00C943F4 /* SearchNLearnTests.xctest */,
				CEBEB8C02733439B00C943F4 /* SearchNLearnUITests.xctest */,
			);
			name = Products;
			sourceTree = "<group>";
		};
		CEBEB8A12733439300C943F4 /* SearchNLearn */ = {
			isa = PBXGroup;
			children = (
				A9B0AD6B27358A3B00A80E26 /* CameraViewController.swift */,
				A9B0AD6D27358A3C00A80E26 /* DetailAnimalViewController.swift */,
				A9B0AD6E27358A3C00A80E26 /* LocalAnimalsTableViewController.swift */,
				A9B0AD6827358A3B00A80E26 /* LocalAnimalTableViewCell.swift */,
				A9B0AD6A27358A3B00A80E26 /* LoginViewController.swift */,
				A9B0AD6C27358A3C00A80E26 /* MapViewController.swift */,
				A9B0AD6F27358A3C00A80E26 /* MyAnimalsCollectionViewController.swift */,
				A9B0AD6927358A3B00A80E26 /* ProfileViewController.swift */,
				CEBEB8A22733439300C943F4 /* AppDelegate.swift */,
				CEBEB8A42733439300C943F4 /* SceneDelegate.swift */,
				CEBEB8A82733439300C943F4 /* Main.storyboard */,
				CEBEB8AB2733439A00C943F4 /* Assets.xcassets */,
				CEBEB8AD2733439A00C943F4 /* LaunchScreen.storyboard */,
				CEBEB8B02733439A00C943F4 /* Info.plist */,
				A9B0AD7827359F0800A80E26 /* SignupViewController.swift */,
				E28D857627389997001BDAAC /* MyAnimalCollectionViewCell.swift */,
			);
			path = SearchNLearn;
			sourceTree = "<group>";
		};
		CEBEB8B82733439B00C943F4 /* SearchNLearnTests */ = {
			isa = PBXGroup;
			children = (
				CEBEB8B92733439B00C943F4 /* SearchNLearnTests.swift */,
				CEBEB8BB2733439B00C943F4 /* Info.plist */,
			);
			path = SearchNLearnTests;
			sourceTree = "<group>";
		};
		CEBEB8C32733439B00C943F4 /* SearchNLearnUITests */ = {
			isa = PBXGroup;
			children = (
				CEBEB8C42733439B00C943F4 /* SearchNLearnUITests.swift */,
				CEBEB8C62733439B00C943F4 /* Info.plist */,
			);
			path = SearchNLearnUITests;
			sourceTree = "<group>";
		};
		CFFA397AFF86A81778BC8AB7 /* Pods */ = {
			isa = PBXGroup;
			children = (
				2533A1A3BEAEB527A96FC112 /* Pods-SearchNLearn.debug.xcconfig */,
				DC21A7B6597E34863A6E6E00 /* Pods-SearchNLearn.release.xcconfig */,
				4197D893CC066C477C4EF3E9 /* Pods-SearchNLearn-SearchNLearnUITests.debug.xcconfig */,
				2249798117FBA8DC38857A39 /* Pods-SearchNLearn-SearchNLearnUITests.release.xcconfig */,
				208716A4703ECC7779E650CA /* Pods-SearchNLearnTests.debug.xcconfig */,
				FAECF1D5BE7E0856D5636DEB /* Pods-SearchNLearnTests.release.xcconfig */,
			);
			path = Pods;
			sourceTree = "<group>";
		};
/* End PBXGroup section */

/* Begin PBXNativeTarget section */
		CEBEB89E2733439200C943F4 /* SearchNLearn */ = {
			isa = PBXNativeTarget;
			buildConfigurationList = CEBEB8C92733439B00C943F4 /* Build configuration list for PBXNativeTarget "SearchNLearn" */;
			buildPhases = (
				5F11E9B8DA89D383527F7EA1 /* [CP] Check Pods Manifest.lock */,
				CEBEB89B2733439200C943F4 /* Sources */,
				CEBEB89C2733439200C943F4 /* Frameworks */,
				CEBEB89D2733439200C943F4 /* Resources */,
				11128E371A665DF1915A65C3 /* [CP] Embed Pods Frameworks */,
			);
			buildRules = (
			);
			dependencies = (
			);
			name = SearchNLearn;
			productName = SearchNLearn;
			productReference = CEBEB89F2733439300C943F4 /* SearchNLearn.app */;
			productType = "com.apple.product-type.application";
		};
		CEBEB8B42733439B00C943F4 /* SearchNLearnTests */ = {
			isa = PBXNativeTarget;
			buildConfigurationList = CEBEB8CC2733439B00C943F4 /* Build configuration list for PBXNativeTarget "SearchNLearnTests" */;
			buildPhases = (
				9B2C41B4463532E9E085F419 /* [CP] Check Pods Manifest.lock */,
				CEBEB8B12733439B00C943F4 /* Sources */,
				CEBEB8B22733439B00C943F4 /* Frameworks */,
				CEBEB8B32733439B00C943F4 /* Resources */,
			);
			buildRules = (
			);
			dependencies = (
				CEBEB8B72733439B00C943F4 /* PBXTargetDependency */,
			);
			name = SearchNLearnTests;
			productName = SearchNLearnTests;
			productReference = CEBEB8B52733439B00C943F4 /* SearchNLearnTests.xctest */;
			productType = "com.apple.product-type.bundle.unit-test";
		};
		CEBEB8BF2733439B00C943F4 /* SearchNLearnUITests */ = {
			isa = PBXNativeTarget;
			buildConfigurationList = CEBEB8CF2733439B00C943F4 /* Build configuration list for PBXNativeTarget "SearchNLearnUITests" */;
			buildPhases = (
				F27B7850DF143F3948D17694 /* [CP] Check Pods Manifest.lock */,
				CEBEB8BC2733439B00C943F4 /* Sources */,
				CEBEB8BD2733439B00C943F4 /* Frameworks */,
				CEBEB8BE2733439B00C943F4 /* Resources */,
				8D009EC7BFE5BF0AD2F69F6A /* [CP] Embed Pods Frameworks */,
			);
			buildRules = (
			);
			dependencies = (
				CEBEB8C22733439B00C943F4 /* PBXTargetDependency */,
			);
			name = SearchNLearnUITests;
			productName = SearchNLearnUITests;
			productReference = CEBEB8C02733439B00C943F4 /* SearchNLearnUITests.xctest */;
			productType = "com.apple.product-type.bundle.ui-testing";
		};
/* End PBXNativeTarget section */

/* Begin PBXProject section */
		CEBEB8972733439200C943F4 /* Project object */ = {
			isa = PBXProject;
			attributes = {
				LastSwiftUpdateCheck = 1250;
				LastUpgradeCheck = 1250;
				TargetAttributes = {
					CEBEB89E2733439200C943F4 = {
						CreatedOnToolsVersion = 12.5.1;
					};
					CEBEB8B42733439B00C943F4 = {
						CreatedOnToolsVersion = 12.5.1;
						TestTargetID = CEBEB89E2733439200C943F4;
					};
					CEBEB8BF2733439B00C943F4 = {
						CreatedOnToolsVersion = 12.5.1;
						TestTargetID = CEBEB89E2733439200C943F4;
					};
				};
			};
			buildConfigurationList = CEBEB89A2733439200C943F4 /* Build configuration list for PBXProject "SearchNLearn" */;
			compatibilityVersion = "Xcode 9.3";
			developmentRegion = en;
			hasScannedForEncodings = 0;
			knownRegions = (
				en,
				Base,
			);
			mainGroup = CEBEB8962733439200C943F4;
			productRefGroup = CEBEB8A02733439300C943F4 /* Products */;
			projectDirPath = "";
			projectRoot = "";
			targets = (
				CEBEB89E2733439200C943F4 /* SearchNLearn */,
				CEBEB8B42733439B00C943F4 /* SearchNLearnTests */,
				CEBEB8BF2733439B00C943F4 /* SearchNLearnUITests */,
			);
		};
/* End PBXProject section */

/* Begin PBXResourcesBuildPhase section */
		CEBEB89D2733439200C943F4 /* Resources */ = {
			isa = PBXResourcesBuildPhase;
			buildActionMask = 2147483647;
			files = (
				CEBEB8AF2733439A00C943F4 /* LaunchScreen.storyboard in Resources */,
				CEBEB8AC2733439A00C943F4 /* Assets.xcassets in Resources */,
				CEBEB8AA2733439300C943F4 /* Main.storyboard in Resources */,
			);
			runOnlyForDeploymentPostprocessing = 0;
		};
		CEBEB8B32733439B00C943F4 /* Resources */ = {
			isa = PBXResourcesBuildPhase;
			buildActionMask = 2147483647;
			files = (
			);
			runOnlyForDeploymentPostprocessing = 0;
		};
		CEBEB8BE2733439B00C943F4 /* Resources */ = {
			isa = PBXResourcesBuildPhase;
			buildActionMask = 2147483647;
			files = (
			);
			runOnlyForDeploymentPostprocessing = 0;
		};
/* End PBXResourcesBuildPhase section */

/* Begin PBXShellScriptBuildPhase section */
		11128E371A665DF1915A65C3 /* [CP] Embed Pods Frameworks */ = {
			isa = PBXShellScriptBuildPhase;
			buildActionMask = 2147483647;
			files = (
			);
			inputFileListPaths = (
				"${PODS_ROOT}/Target Support Files/Pods-SearchNLearn/Pods-SearchNLearn-frameworks-${CONFIGURATION}-input-files.xcfilelist",
			);
			name = "[CP] Embed Pods Frameworks";
			outputFileListPaths = (
				"${PODS_ROOT}/Target Support Files/Pods-SearchNLearn/Pods-SearchNLearn-frameworks-${CONFIGURATION}-output-files.xcfilelist",
			);
			runOnlyForDeploymentPostprocessing = 0;
			shellPath = /bin/sh;
			shellScript = "\"${PODS_ROOT}/Target Support Files/Pods-SearchNLearn/Pods-SearchNLearn-frameworks.sh\"\n";
			showEnvVarsInLog = 0;
		};
		5F11E9B8DA89D383527F7EA1 /* [CP] Check Pods Manifest.lock */ = {
			isa = PBXShellScriptBuildPhase;
			buildActionMask = 2147483647;
			files = (
			);
			inputFileListPaths = (
			);
			inputPaths = (
				"${PODS_PODFILE_DIR_PATH}/Podfile.lock",
				"${PODS_ROOT}/Manifest.lock",
			);
			name = "[CP] Check Pods Manifest.lock";
			outputFileListPaths = (
			);
			outputPaths = (
				"$(DERIVED_FILE_DIR)/Pods-SearchNLearn-checkManifestLockResult.txt",
			);
			runOnlyForDeploymentPostprocessing = 0;
			shellPath = /bin/sh;
			shellScript = "diff \"${PODS_PODFILE_DIR_PATH}/Podfile.lock\" \"${PODS_ROOT}/Manifest.lock\" > /dev/null\nif [ $? != 0 ] ; then\n    # print error to STDERR\n    echo \"error: The sandbox is not in sync with the Podfile.lock. Run 'pod install' or update your CocoaPods installation.\" >&2\n    exit 1\nfi\n# This output is used by Xcode 'outputs' to avoid re-running this script phase.\necho \"SUCCESS\" > \"${SCRIPT_OUTPUT_FILE_0}\"\n";
			showEnvVarsInLog = 0;
		};
		8D009EC7BFE5BF0AD2F69F6A /* [CP] Embed Pods Frameworks */ = {
			isa = PBXShellScriptBuildPhase;
			buildActionMask = 2147483647;
			files = (
			);
			inputFileListPaths = (
				"${PODS_ROOT}/Target Support Files/Pods-SearchNLearn-SearchNLearnUITests/Pods-SearchNLearn-SearchNLearnUITests-frameworks-${CONFIGURATION}-input-files.xcfilelist",
			);
			name = "[CP] Embed Pods Frameworks";
			outputFileListPaths = (
				"${PODS_ROOT}/Target Support Files/Pods-SearchNLearn-SearchNLearnUITests/Pods-SearchNLearn-SearchNLearnUITests-frameworks-${CONFIGURATION}-output-files.xcfilelist",
			);
			runOnlyForDeploymentPostprocessing = 0;
			shellPath = /bin/sh;
			shellScript = "\"${PODS_ROOT}/Target Support Files/Pods-SearchNLearn-SearchNLearnUITests/Pods-SearchNLearn-SearchNLearnUITests-frameworks.sh\"\n";
			showEnvVarsInLog = 0;
		};
		9B2C41B4463532E9E085F419 /* [CP] Check Pods Manifest.lock */ = {
			isa = PBXShellScriptBuildPhase;
			buildActionMask = 2147483647;
			files = (
			);
			inputFileListPaths = (
			);
			inputPaths = (
				"${PODS_PODFILE_DIR_PATH}/Podfile.lock",
				"${PODS_ROOT}/Manifest.lock",
			);
			name = "[CP] Check Pods Manifest.lock";
			outputFileListPaths = (
			);
			outputPaths = (
				"$(DERIVED_FILE_DIR)/Pods-SearchNLearnTests-checkManifestLockResult.txt",
			);
			runOnlyForDeploymentPostprocessing = 0;
			shellPath = /bin/sh;
			shellScript = "diff \"${PODS_PODFILE_DIR_PATH}/Podfile.lock\" \"${PODS_ROOT}/Manifest.lock\" > /dev/null\nif [ $? != 0 ] ; then\n    # print error to STDERR\n    echo \"error: The sandbox is not in sync with the Podfile.lock. Run 'pod install' or update your CocoaPods installation.\" >&2\n    exit 1\nfi\n# This output is used by Xcode 'outputs' to avoid re-running this script phase.\necho \"SUCCESS\" > \"${SCRIPT_OUTPUT_FILE_0}\"\n";
			showEnvVarsInLog = 0;
		};
		F27B7850DF143F3948D17694 /* [CP] Check Pods Manifest.lock */ = {
			isa = PBXShellScriptBuildPhase;
			buildActionMask = 2147483647;
			files = (
			);
			inputFileListPaths = (
			);
			inputPaths = (
				"${PODS_PODFILE_DIR_PATH}/Podfile.lock",
				"${PODS_ROOT}/Manifest.lock",
			);
			name = "[CP] Check Pods Manifest.lock";
			outputFileListPaths = (
			);
			outputPaths = (
				"$(DERIVED_FILE_DIR)/Pods-SearchNLearn-SearchNLearnUITests-checkManifestLockResult.txt",
			);
			runOnlyForDeploymentPostprocessing = 0;
			shellPath = /bin/sh;
			shellScript = "diff \"${PODS_PODFILE_DIR_PATH}/Podfile.lock\" \"${PODS_ROOT}/Manifest.lock\" > /dev/null\nif [ $? != 0 ] ; then\n    # print error to STDERR\n    echo \"error: The sandbox is not in sync with the Podfile.lock. Run 'pod install' or update your CocoaPods installation.\" >&2\n    exit 1\nfi\n# This output is used by Xcode 'outputs' to avoid re-running this script phase.\necho \"SUCCESS\" > \"${SCRIPT_OUTPUT_FILE_0}\"\n";
			showEnvVarsInLog = 0;
		};
/* End PBXShellScriptBuildPhase section */

/* Begin PBXSourcesBuildPhase section */
		CEBEB89B2733439200C943F4 /* Sources */ = {
			isa = PBXSourcesBuildPhase;
			buildActionMask = 2147483647;
			files = (
				E28D857727389997001BDAAC /* MyAnimalCollectionViewCell.swift in Sources */,
				A9B0AD7227358A3D00A80E26 /* LoginViewController.swift in Sources */,
				A9B0AD7627358A3D00A80E26 /* LocalAnimalsTableViewController.swift in Sources */,
				A9B0AD7927359F0800A80E26 /* SignupViewController.swift in Sources */,
				A9B0AD7027358A3D00A80E26 /* LocalAnimalTableViewCell.swift in Sources */,
				A9B0AD7527358A3D00A80E26 /* DetailAnimalViewController.swift in Sources */,
				A9B0AD7127358A3D00A80E26 /* ProfileViewController.swift in Sources */,
				A9B0AD7327358A3D00A80E26 /* CameraViewController.swift in Sources */,
				CEBEB8A32733439300C943F4 /* AppDelegate.swift in Sources */,
				CEBEB8A52733439300C943F4 /* SceneDelegate.swift in Sources */,
				A9B0AD7727358A3D00A80E26 /* MyAnimalsCollectionViewController.swift in Sources */,
				A9B0AD7427358A3D00A80E26 /* MapViewController.swift in Sources */,
			);
			runOnlyForDeploymentPostprocessing = 0;
		};
		CEBEB8B12733439B00C943F4 /* Sources */ = {
			isa = PBXSourcesBuildPhase;
			buildActionMask = 2147483647;
			files = (
				CEBEB8BA2733439B00C943F4 /* SearchNLearnTests.swift in Sources */,
			);
			runOnlyForDeploymentPostprocessing = 0;
		};
		CEBEB8BC2733439B00C943F4 /* Sources */ = {
			isa = PBXSourcesBuildPhase;
			buildActionMask = 2147483647;
			files = (
				CEBEB8C52733439B00C943F4 /* SearchNLearnUITests.swift in Sources */,
			);
			runOnlyForDeploymentPostprocessing = 0;
		};
/* End PBXSourcesBuildPhase section */

/* Begin PBXTargetDependency section */
		CEBEB8B72733439B00C943F4 /* PBXTargetDependency */ = {
			isa = PBXTargetDependency;
			target = CEBEB89E2733439200C943F4 /* SearchNLearn */;
			targetProxy = CEBEB8B62733439B00C943F4 /* PBXContainerItemProxy */;
		};
		CEBEB8C22733439B00C943F4 /* PBXTargetDependency */ = {
			isa = PBXTargetDependency;
			target = CEBEB89E2733439200C943F4 /* SearchNLearn */;
			targetProxy = CEBEB8C12733439B00C943F4 /* PBXContainerItemProxy */;
		};
/* End PBXTargetDependency section */

/* Begin PBXVariantGroup section */
		CEBEB8A82733439300C943F4 /* Main.storyboard */ = {
			isa = PBXVariantGroup;
			children = (
				CEBEB8A92733439300C943F4 /* Base */,
			);
			name = Main.storyboard;
			sourceTree = "<group>";
		};
		CEBEB8AD2733439A00C943F4 /* LaunchScreen.storyboard */ = {
			isa = PBXVariantGroup;
			children = (
				CEBEB8AE2733439A00C943F4 /* Base */,
			);
			name = LaunchScreen.storyboard;
			sourceTree = "<group>";
		};
/* End PBXVariantGroup section */

/* Begin XCBuildConfiguration section */
		CEBEB8C72733439B00C943F4 /* Debug */ = {
			isa = XCBuildConfiguration;
			buildSettings = {
				ALWAYS_SEARCH_USER_PATHS = NO;
				CLANG_ANALYZER_NONNULL = YES;
				CLANG_ANALYZER_NUMBER_OBJECT_CONVERSION = YES_AGGRESSIVE;
				CLANG_CXX_LANGUAGE_STANDARD = "gnu++14";
				CLANG_CXX_LIBRARY = "libc++";
				CLANG_ENABLE_MODULES = YES;
				CLANG_ENABLE_OBJC_ARC = YES;
				CLANG_ENABLE_OBJC_WEAK = YES;
				CLANG_WARN_BLOCK_CAPTURE_AUTORELEASING = YES;
				CLANG_WARN_BOOL_CONVERSION = YES;
				CLANG_WARN_COMMA = YES;
				CLANG_WARN_CONSTANT_CONVERSION = YES;
				CLANG_WARN_DEPRECATED_OBJC_IMPLEMENTATIONS = YES;
				CLANG_WARN_DIRECT_OBJC_ISA_USAGE = YES_ERROR;
				CLANG_WARN_DOCUMENTATION_COMMENTS = YES;
				CLANG_WARN_EMPTY_BODY = YES;
				CLANG_WARN_ENUM_CONVERSION = YES;
				CLANG_WARN_INFINITE_RECURSION = YES;
				CLANG_WARN_INT_CONVERSION = YES;
				CLANG_WARN_NON_LITERAL_NULL_CONVERSION = YES;
				CLANG_WARN_OBJC_IMPLICIT_RETAIN_SELF = YES;
				CLANG_WARN_OBJC_LITERAL_CONVERSION = YES;
				CLANG_WARN_OBJC_ROOT_CLASS = YES_ERROR;
				CLANG_WARN_QUOTED_INCLUDE_IN_FRAMEWORK_HEADER = YES;
				CLANG_WARN_RANGE_LOOP_ANALYSIS = YES;
				CLANG_WARN_STRICT_PROTOTYPES = YES;
				CLANG_WARN_SUSPICIOUS_MOVE = YES;
				CLANG_WARN_UNGUARDED_AVAILABILITY = YES_AGGRESSIVE;
				CLANG_WARN_UNREACHABLE_CODE = YES;
				CLANG_WARN__DUPLICATE_METHOD_MATCH = YES;
				COPY_PHASE_STRIP = NO;
				DEBUG_INFORMATION_FORMAT = dwarf;
				ENABLE_STRICT_OBJC_MSGSEND = YES;
				ENABLE_TESTABILITY = YES;
				GCC_C_LANGUAGE_STANDARD = gnu11;
				GCC_DYNAMIC_NO_PIC = NO;
				GCC_NO_COMMON_BLOCKS = YES;
				GCC_OPTIMIZATION_LEVEL = 0;
				GCC_PREPROCESSOR_DEFINITIONS = (
					"DEBUG=1",
					"$(inherited)",
				);
				GCC_WARN_64_TO_32_BIT_CONVERSION = YES;
				GCC_WARN_ABOUT_RETURN_TYPE = YES_ERROR;
				GCC_WARN_UNDECLARED_SELECTOR = YES;
				GCC_WARN_UNINITIALIZED_AUTOS = YES_AGGRESSIVE;
				GCC_WARN_UNUSED_FUNCTION = YES;
				GCC_WARN_UNUSED_VARIABLE = YES;
				IPHONEOS_DEPLOYMENT_TARGET = 14.5;
				MTL_ENABLE_DEBUG_INFO = INCLUDE_SOURCE;
				MTL_FAST_MATH = YES;
				ONLY_ACTIVE_ARCH = YES;
				SDKROOT = iphoneos;
				SWIFT_ACTIVE_COMPILATION_CONDITIONS = DEBUG;
				SWIFT_OPTIMIZATION_LEVEL = "-Onone";
			};
			name = Debug;
		};
		CEBEB8C82733439B00C943F4 /* Release */ = {
			isa = XCBuildConfiguration;
			buildSettings = {
				ALWAYS_SEARCH_USER_PATHS = NO;
				CLANG_ANALYZER_NONNULL = YES;
				CLANG_ANALYZER_NUMBER_OBJECT_CONVERSION = YES_AGGRESSIVE;
				CLANG_CXX_LANGUAGE_STANDARD = "gnu++14";
				CLANG_CXX_LIBRARY = "libc++";
				CLANG_ENABLE_MODULES = YES;
				CLANG_ENABLE_OBJC_ARC = YES;
				CLANG_ENABLE_OBJC_WEAK = YES;
				CLANG_WARN_BLOCK_CAPTURE_AUTORELEASING = YES;
				CLANG_WARN_BOOL_CONVERSION = YES;
				CLANG_WARN_COMMA = YES;
				CLANG_WARN_CONSTANT_CONVERSION = YES;
				CLANG_WARN_DEPRECATED_OBJC_IMPLEMENTATIONS = YES;
				CLANG_WARN_DIRECT_OBJC_ISA_USAGE = YES_ERROR;
				CLANG_WARN_DOCUMENTATION_COMMENTS = YES;
				CLANG_WARN_EMPTY_BODY = YES;
				CLANG_WARN_ENUM_CONVERSION = YES;
				CLANG_WARN_INFINITE_RECURSION = YES;
				CLANG_WARN_INT_CONVERSION = YES;
				CLANG_WARN_NON_LITERAL_NULL_CONVERSION = YES;
				CLANG_WARN_OBJC_IMPLICIT_RETAIN_SELF = YES;
				CLANG_WARN_OBJC_LITERAL_CONVERSION = YES;
				CLANG_WARN_OBJC_ROOT_CLASS = YES_ERROR;
				CLANG_WARN_QUOTED_INCLUDE_IN_FRAMEWORK_HEADER = YES;
				CLANG_WARN_RANGE_LOOP_ANALYSIS = YES;
				CLANG_WARN_STRICT_PROTOTYPES = YES;
				CLANG_WARN_SUSPICIOUS_MOVE = YES;
				CLANG_WARN_UNGUARDED_AVAILABILITY = YES_AGGRESSIVE;
				CLANG_WARN_UNREACHABLE_CODE = YES;
				CLANG_WARN__DUPLICATE_METHOD_MATCH = YES;
				COPY_PHASE_STRIP = NO;
				DEBUG_INFORMATION_FORMAT = "dwarf-with-dsym";
				ENABLE_NS_ASSERTIONS = NO;
				ENABLE_STRICT_OBJC_MSGSEND = YES;
				GCC_C_LANGUAGE_STANDARD = gnu11;
				GCC_NO_COMMON_BLOCKS = YES;
				GCC_WARN_64_TO_32_BIT_CONVERSION = YES;
				GCC_WARN_ABOUT_RETURN_TYPE = YES_ERROR;
				GCC_WARN_UNDECLARED_SELECTOR = YES;
				GCC_WARN_UNINITIALIZED_AUTOS = YES_AGGRESSIVE;
				GCC_WARN_UNUSED_FUNCTION = YES;
				GCC_WARN_UNUSED_VARIABLE = YES;
				IPHONEOS_DEPLOYMENT_TARGET = 14.5;
				MTL_ENABLE_DEBUG_INFO = NO;
				MTL_FAST_MATH = YES;
				SDKROOT = iphoneos;
				SWIFT_COMPILATION_MODE = wholemodule;
				SWIFT_OPTIMIZATION_LEVEL = "-O";
				VALIDATE_PRODUCT = YES;
			};
			name = Release;
		};
		CEBEB8CA2733439B00C943F4 /* Debug */ = {
			isa = XCBuildConfiguration;
			baseConfigurationReference = 2533A1A3BEAEB527A96FC112 /* Pods-SearchNLearn.debug.xcconfig */;
			buildSettings = {
				ASSETCATALOG_COMPILER_APPICON_NAME = AppIcon;
				ASSETCATALOG_COMPILER_GLOBAL_ACCENT_COLOR_NAME = AccentColor;
				CODE_SIGN_STYLE = Automatic;
				DEVELOPMENT_TEAM = 8JA9Y4MCKN;
				INFOPLIST_FILE = SearchNLearn/Info.plist;
				LD_RUNPATH_SEARCH_PATHS = (
					"$(inherited)",
					"@executable_path/Frameworks",
				);
				PRODUCT_BUNDLE_IDENTIFIER = "com.lepperj-oregonstate.edu.SearchNLearn";
				PRODUCT_NAME = "$(TARGET_NAME)";
				SWIFT_VERSION = 5.0;
				TARGETED_DEVICE_FAMILY = "1,2";
			};
			name = Debug;
		};
		CEBEB8CB2733439B00C943F4 /* Release */ = {
			isa = XCBuildConfiguration;
			baseConfigurationReference = DC21A7B6597E34863A6E6E00 /* Pods-SearchNLearn.release.xcconfig */;
			buildSettings = {
				ASSETCATALOG_COMPILER_APPICON_NAME = AppIcon;
				ASSETCATALOG_COMPILER_GLOBAL_ACCENT_COLOR_NAME = AccentColor;
				CODE_SIGN_STYLE = Automatic;
				DEVELOPMENT_TEAM = 8JA9Y4MCKN;
				INFOPLIST_FILE = SearchNLearn/Info.plist;
				LD_RUNPATH_SEARCH_PATHS = (
					"$(inherited)",
					"@executable_path/Frameworks",
				);
				PRODUCT_BUNDLE_IDENTIFIER = "com.lepperj-oregonstate.edu.SearchNLearn";
				PRODUCT_NAME = "$(TARGET_NAME)";
				SWIFT_VERSION = 5.0;
				TARGETED_DEVICE_FAMILY = "1,2";
			};
			name = Release;
		};
		CEBEB8CD2733439B00C943F4 /* Debug */ = {
			isa = XCBuildConfiguration;
			baseConfigurationReference = 208716A4703ECC7779E650CA /* Pods-SearchNLearnTests.debug.xcconfig */;
			buildSettings = {
				ALWAYS_EMBED_SWIFT_STANDARD_LIBRARIES = YES;
				BUNDLE_LOADER = "$(TEST_HOST)";
				CODE_SIGN_STYLE = Automatic;
				DEVELOPMENT_TEAM = 8JA9Y4MCKN;
				INFOPLIST_FILE = SearchNLearnTests/Info.plist;
				IPHONEOS_DEPLOYMENT_TARGET = 14.5;
				LD_RUNPATH_SEARCH_PATHS = (
					"$(inherited)",
					"@executable_path/Frameworks",
					"@loader_path/Frameworks",
				);
				PRODUCT_BUNDLE_IDENTIFIER = "com.lepperj-oregonstate.edu.SearchNLearnTests";
				PRODUCT_NAME = "$(TARGET_NAME)";
				SWIFT_VERSION = 5.0;
				TARGETED_DEVICE_FAMILY = "1,2";
				TEST_HOST = "$(BUILT_PRODUCTS_DIR)/SearchNLearn.app/SearchNLearn";
			};
			name = Debug;
		};
		CEBEB8CE2733439B00C943F4 /* Release */ = {
			isa = XCBuildConfiguration;
			baseConfigurationReference = FAECF1D5BE7E0856D5636DEB /* Pods-SearchNLearnTests.release.xcconfig */;
			buildSettings = {
				ALWAYS_EMBED_SWIFT_STANDARD_LIBRARIES = YES;
				BUNDLE_LOADER = "$(TEST_HOST)";
				CODE_SIGN_STYLE = Automatic;
				DEVELOPMENT_TEAM = 8JA9Y4MCKN;
				INFOPLIST_FILE = SearchNLearnTests/Info.plist;
				IPHONEOS_DEPLOYMENT_TARGET = 14.5;
				LD_RUNPATH_SEARCH_PATHS = (
					"$(inherited)",
					"@executable_path/Frameworks",
					"@loader_path/Frameworks",
				);
				PRODUCT_BUNDLE_IDENTIFIER = "com.lepperj-oregonstate.edu.SearchNLearnTests";
				PRODUCT_NAME = "$(TARGET_NAME)";
				SWIFT_VERSION = 5.0;
				TARGETED_DEVICE_FAMILY = "1,2";
				TEST_HOST = "$(BUILT_PRODUCTS_DIR)/SearchNLearn.app/SearchNLearn";
			};
			name = Release;
		};
		CEBEB8D02733439B00C943F4 /* Debug */ = {
			isa = XCBuildConfiguration;
			baseConfigurationReference = 4197D893CC066C477C4EF3E9 /* Pods-SearchNLearn-SearchNLearnUITests.debug.xcconfig */;
			buildSettings = {
				ALWAYS_EMBED_SWIFT_STANDARD_LIBRARIES = YES;
				CODE_SIGN_STYLE = Automatic;
				DEVELOPMENT_TEAM = 8JA9Y4MCKN;
				INFOPLIST_FILE = SearchNLearnUITests/Info.plist;
				LD_RUNPATH_SEARCH_PATHS = (
					"$(inherited)",
					"@executable_path/Frameworks",
					"@loader_path/Frameworks",
				);
				PRODUCT_BUNDLE_IDENTIFIER = "com.lepperj-oregonstate.edu.SearchNLearnUITests";
				PRODUCT_NAME = "$(TARGET_NAME)";
				SWIFT_VERSION = 5.0;
				TARGETED_DEVICE_FAMILY = "1,2";
				TEST_TARGET_NAME = SearchNLearn;
			};
			name = Debug;
		};
		CEBEB8D12733439B00C943F4 /* Release */ = {
			isa = XCBuildConfiguration;
			baseConfigurationReference = 2249798117FBA8DC38857A39 /* Pods-SearchNLearn-SearchNLearnUITests.release.xcconfig */;
			buildSettings = {
				ALWAYS_EMBED_SWIFT_STANDARD_LIBRARIES = YES;
				CODE_SIGN_STYLE = Automatic;
				DEVELOPMENT_TEAM = 8JA9Y4MCKN;
				INFOPLIST_FILE = SearchNLearnUITests/Info.plist;
				LD_RUNPATH_SEARCH_PATHS = (
					"$(inherited)",
					"@executable_path/Frameworks",
					"@loader_path/Frameworks",
				);
				PRODUCT_BUNDLE_IDENTIFIER = "com.lepperj-oregonstate.edu.SearchNLearnUITests";
				PRODUCT_NAME = "$(TARGET_NAME)";
				SWIFT_VERSION = 5.0;
				TARGETED_DEVICE_FAMILY = "1,2";
				TEST_TARGET_NAME = SearchNLearn;
			};
			name = Release;
		};
/* End XCBuildConfiguration section */

/* Begin XCConfigurationList section */
		CEBEB89A2733439200C943F4 /* Build configuration list for PBXProject "SearchNLearn" */ = {
			isa = XCConfigurationList;
			buildConfigurations = (
				CEBEB8C72733439B00C943F4 /* Debug */,
				CEBEB8C82733439B00C943F4 /* Release */,
			);
			defaultConfigurationIsVisible = 0;
			defaultConfigurationName = Release;
		};
		CEBEB8C92733439B00C943F4 /* Build configuration list for PBXNativeTarget "SearchNLearn" */ = {
			isa = XCConfigurationList;
			buildConfigurations = (
				CEBEB8CA2733439B00C943F4 /* Debug */,
				CEBEB8CB2733439B00C943F4 /* Release */,
			);
			defaultConfigurationIsVisible = 0;
			defaultConfigurationName = Release;
		};
		CEBEB8CC2733439B00C943F4 /* Build configuration list for PBXNativeTarget "SearchNLearnTests" */ = {
			isa = XCConfigurationList;
			buildConfigurations = (
				CEBEB8CD2733439B00C943F4 /* Debug */,
				CEBEB8CE2733439B00C943F4 /* Release */,
			);
			defaultConfigurationIsVisible = 0;
			defaultConfigurationName = Release;
		};
		CEBEB8CF2733439B00C943F4 /* Build configuration list for PBXNativeTarget "SearchNLearnUITests" */ = {
			isa = XCConfigurationList;
			buildConfigurations = (
				CEBEB8D02733439B00C943F4 /* Debug */,
				CEBEB8D12733439B00C943F4 /* Release */,
			);
			defaultConfigurationIsVisible = 0;
			defaultConfigurationName = Release;
		};
/* End XCConfigurationList section */
	};
	rootObject = CEBEB8972733439200C943F4 /* Project object */;
}
